{
    "_meta": {
        "hash": {
            "sha256": "4ae3b3f835105ef6e91fcf955089c6eb2acdf6005af434337ea759a09e19b5e3"
        },
        "pipfile-spec": 6,
        "requires": {
            "python_version": "3.6"
        },
        "sources": [
            {
                "name": "pypi",
                "url": "https://pypi.org/simple",
                "verify_ssl": true
            }
        ]
    },
    "default": {},
    "develop": {
        "atomicwrites": {
            "hashes": [
                "sha256:240831ea22da9ab882b551b31d4225591e5e447a68c5e188db5b89ca1d487585",
                "sha256:a24da68318b08ac9c9c45029f4a10371ab5b20e4226738e150e6e7c571630ae6"
            ],
            "version": "==1.1.5"
        },
        "attrs": {
            "hashes": [
                "sha256:4b90b09eeeb9b88c35bc642cbac057e45a5fd85367b985bd2809c62b7b939265",
                "sha256:e0d0eb91441a3b53dab4d9b743eafc1ac44476296a2053b6ca3af0b139faf87b"
            ],
            "version": "==18.1.0"
        },
        "more-itertools": {
            "hashes": [
                "sha256:2b6b9893337bfd9166bee6a62c2b0c9fe7735dcf85948b387ec8cba30e85d8e8",
                "sha256:6703844a52d3588f951883005efcf555e49566a48afd4db4e965d69b883980d3",
                "sha256:a18d870ef2ffca2b8463c0070ad17b5978056f403fb64e3f15fe62a52db21cc0"
            ],
            "version": "==4.2.0"
        },
        "pluggy": {
            "hashes": [
                "sha256:7f8ae7f5bdf75671a718d2daf0a64b7885f74510bcd98b1a0bb420eb9a9d0cff",
                "sha256:d345c8fe681115900d6da8d048ba67c25df42973bda370783cd58826442dcd7c",
                "sha256:e160a7fcf25762bb60efc7e171d4497ff1d8d2d75a3d0df7a21b76821ecbf5c5"
            ],
            "markers": "python_version != '3.1.*' and python_version >= '2.7' and python_version != '3.0.*' and python_version != '3.3.*' and python_version != '3.2.*'",
            "version": "==0.6.0"
        },
        "py": {
            "hashes": [
                "sha256:3fd59af7435864e1a243790d322d763925431213b6b8529c6ca71081ace3bbf7",
                "sha256:e31fb2767eb657cbde86c454f02e99cb846d3cd9d61b318525140214fdc0e98e"
            ],
            "markers": "python_version != '3.1.*' and python_version >= '2.7' and python_version != '3.0.*' and python_version != '3.3.*' and python_version != '3.2.*'",
            "version": "==1.5.4"
        },
        "py-cpuinfo": {
            "hashes": [
                "sha256:6615d4527118d4ea1db4d86dac4340725b3906aa04bf36b7902f7af4425fb25f"
            ],
            "version": "==4.0.0"
        },
        "pytest": {
            "hashes": [
                "sha256:0453c8676c2bee6feb0434748b068d5510273a916295fd61d306c4f22fbfd752",
                "sha256:4b208614ae6d98195430ad6bde03641c78553acee7c83cec2e85d613c0cd383d"
            ],
            "index": "pypi",
            "version": "==3.6.3"
        },
        "pytest-benchmark": {
            "hashes": [
                "sha256:185526b10b7cf1804cb0f32ac0653561ef2f233c6e50a9b3d8066a9757e36480",
                "sha256:3549545f1a051a789d956a4a9b176583cd6b847e621b788471e6c04b7d8d0e3c"
            ],
            "index": "pypi",
            "version": "==3.1.1"
        },
        "pytest-runner": {
            "hashes": [
                "sha256:d23f117be39919f00dd91bffeb4f15e031ec797501b717a245e377aee0f577be",
                "sha256:d987fec1e31287592ffe1cb823a8c613c533db4c6aaca0ee1191dbc91e2fcc61"
            ],
            "index": "pypi",
            "version": "==4.2"
        },
        "python-rapidjson": {
            "hashes": [
                "sha256:028afb174179f0274ea6fa8a22195f1b5a08320f4cf92766a8ebee0389d16577",
                "sha256:2f015428744abf43e515d960cd780b0cc9d7276da7dca8d6a2381fd304998dcd",
                "sha256:5c647a2c7d1fb28b8d133f24f538947347a87a81fcbc59de7cfda5255c7aa626",
                "sha256:6e53206358247239e553bf32d3039070e807419b07e46cd0ff7f997c179db5c1",
                "sha256:7a59cdd949c6785d88218301d89bac6d7bd2550d4e75ba35abad8b4a26c18424",
                "sha256:8952eb7cc18ff9a6a0049e204c3df33d9fa7708396193800318cc14a4314df59",
                "sha256:913c3355ff954985289c5939edbb7ab33082bc5177e122a3f00c557b9c38971a",
                "sha256:91868b73bcefba791dc0cd952ff1308528290394d018eef915ab429a27f8ce17",
                "sha256:97d40b98677b19334d3c15975922e2092fe8865ae827d5fc0005dc0f85cabbbf",
                "sha256:aa78f31997f858a4493a44db9f149609ab0838e99c50a5d7e973147f0b00d437",
                "sha256:bebda11961a6d5455129224267a613973aa0209e12e5848eac444734a836dcf9",
                "sha256:e27874e8383b2a6ae125f82dd19c1acd07fe54de812f5c75a830319549061cec",
                "sha256:e39114dd24aa8d3304e44023cab93bcabe3ad729eb6dcd4889d0f9cbc8bebfa8",
                "sha256:f1032a2344656b392ba012642f9e19a7c631e3d62a28387f8532802449307df7",
                "sha256:fc53199f909801c5342de12a1f0659e350308778e1754bacfbafb73ec8451d2a",
                "sha256:fe817dcb5b6aa1998fbff24fee81e07cd17fc59b92d4b2b76b93f430896284e1"
            ],
            "index": "pypi",
            "version": "==0.6.2"
        },
        "semantic-version": {
            "hashes": [
                "sha256:2a4328680073e9b243667b201119772aefc5fc63ae32398d6afafff07c4f54c0",
                "sha256:2d06ab7372034bcb8b54f2205370f4aa0643c133b7e6dbd129c5200b83ab394b"
            ],
            "version": "==2.6.0"
        },
        "setuptools-rust": {
            "hashes": [
                "sha256:182572f59d885d1eaf0f00dd79aa67826f95fcac86cc32fd6062a51c1c3c5c69",
                "sha256:a42dd46780e921d960cb71d992668111c2859a352a10619e4a56c979f83050bb"
            ],
            "index": "pypi",
            "version": "==0.10.1"
        },
        "simplejson": {
            "hashes": [
                "sha256:067a7177ddfa32e1483ba5169ebea1bc2ea27f224853211ca669325648ca5642",
                "sha256:2fc546e6af49fb45b93bbe878dea4c48edc34083729c0abd09981fe55bdf7f91",
                "sha256:354fa32b02885e6dae925f1b5bbf842c333c1e11ea5453ddd67309dc31fdb40a",
                "sha256:37e685986cf6f8144607f90340cff72d36acf654f3653a6c47b84c5c38d00df7",
                "sha256:3af610ee72efbe644e19d5eaad575c73fb83026192114e5f6719f4901097fce2",
                "sha256:3b919fc9cf508f13b929a9b274c40786036b31ad28657819b3b9ba44ba651f50",
                "sha256:3dd289368bbd064974d9a5961101f080e939cbe051e6689a193c99fb6e9ac89b",
                "sha256:6c3258ffff58712818a233b9737fe4be943d306c40cf63d14ddc82ba563f483a",
                "sha256:75e3f0b12c28945c08f54350d91e624f8dd580ab74fd4f1bbea54bc6b0165610",
                "sha256:b1f329139ba647a9548aa05fb95d046b4a677643070dc2afc05fa2e975d09ca5",
                "sha256:ee9625fc8ee164902dfbb0ff932b26df112da9f871c32f0f9c1bcf20c350fe2a",
                "sha256:fb2530b53c28f0d4d84990e945c2ebb470edb469d63e389bf02ff409012fe7c5"
            ],
            "index": "pypi",
            "version": "==3.16.0"
        },
        "six": {
            "hashes": [
                "sha256:70e8a77beed4562e7f14fe23a786b54f6296e34344c23bc42f07b15018ff98e9",
                "sha256:832dc0e10feb1aa2c68dcc57dbb658f1c7e65b9b61af69048abc87a2db00a0eb"
            ],
            "version": "==1.11.0"
        },
        "ujson": {
            "hashes": [
                "sha256:f66073e5506e91d204ab0c614a148d5aa938bdbf104751be66f8ad7a222f5f86"
            ],
            "index": "pypi",
            "version": "==1.35"
        },
        "yajl": {
            "hashes": [
                "sha256:432321ea613692a4782a2368a300f57b59c64a3c8508c7465af3fdc045e7bcc2"
            ],
            "index": "pypi",
            "version": "==0.3.5"
        }
    }
}
