[[package]]
name = "astroid"
version = "2.4.2"
description = "An abstract syntax tree for Python with inference support."
category = "dev"
optional = false
python-versions = ">=3.5"

[package.dependencies]
lazy-object-proxy = ">=1.4.0,<1.5.0"
six = ">=1.12,<2.0"
typed-ast = {version = ">=1.4.0,<1.5", markers = "implementation_name == \"cpython\" and python_version < \"3.8\""}
wrapt = ">=1.11,<2.0"

[[package]]
name = "atomicwrites"
version = "1.4.0"
description = "Atomic file writes."
category = "dev"
optional = false
python-versions = ">=2.7, !=3.0.*, !=3.1.*, !=3.2.*, !=3.3.*"

[[package]]
name = "attrs"
version = "20.3.0"
description = "Classes Without Boilerplate"
category = "dev"
optional = false
python-versions = ">=2.7, !=3.0.*, !=3.1.*, !=3.2.*, !=3.3.*"

[package.extras]
dev = ["coverage[toml] (>=5.0.2)", "hypothesis", "pympler", "pytest (>=4.3.0)", "six", "zope.interface", "furo", "sphinx", "pre-commit"]
docs = ["furo", "sphinx", "zope.interface"]
tests = ["coverage[toml] (>=5.0.2)", "hypothesis", "pympler", "pytest (>=4.3.0)", "six", "zope.interface"]
tests_no_zope = ["coverage[toml] (>=5.0.2)", "hypothesis", "pympler", "pytest (>=4.3.0)", "six"]

[[package]]
name = "autopep8"
version = "1.5.5"
description = "A tool that automatically formats Python code to conform to the PEP 8 style guide"
category = "dev"
optional = false
python-versions = "*"

[package.dependencies]
pycodestyle = ">=2.6.0"
toml = "*"

[[package]]
name = "colorama"
version = "0.4.4"
description = "Cross-platform colored terminal text."
category = "dev"
optional = false
python-versions = ">=2.7, !=3.0.*, !=3.1.*, !=3.2.*, !=3.3.*, !=3.4.*"

[[package]]
name = "flake8"
version = "3.8.4"
description = "the modular source code checker: pep8 pyflakes and co"
category = "dev"
optional = false
python-versions = "!=3.0.*,!=3.1.*,!=3.2.*,!=3.3.*,>=2.7"

[package.dependencies]
importlib-metadata = {version = "*", markers = "python_version < \"3.8\""}
mccabe = ">=0.6.0,<0.7.0"
pycodestyle = ">=2.6.0a1,<2.7.0"
pyflakes = ">=2.2.0,<2.3.0"

[[package]]
name = "hypothesis"
version = "5.3.1"
description = "A library for property-based testing"
category = "dev"
optional = false
python-versions = ">=3.5"

[package.dependencies]
attrs = ">=19.2.0"
sortedcontainers = ">=2.1.0,<3.0.0"

[package.extras]
all = ["django (>=1.11)", "dpcontracts (>=0.4)", "lark-parser (>=0.6.5)", "numpy (>=1.9.0)", "pandas (>=0.19)", "pytest (>=4.3)", "python-dateutil (>=1.4)", "pytz (>=2014.1)"]
dateutil = ["python-dateutil (>=1.4)"]
django = ["pytz (>=2014.1)", "django (>=1.11)"]
dpcontracts = ["dpcontracts (>=0.4)"]
lark = ["lark-parser (>=0.6.5)"]
numpy = ["numpy (>=1.9.0)"]
pandas = ["pandas (>=0.19)"]
pytest = ["pytest (>=4.3)"]
pytz = ["pytz (>=2014.1)"]

[[package]]
name = "importlib-metadata"
version = "2.1.1"
description = "Read metadata from Python packages"
category = "dev"
optional = false
python-versions = "!=3.0.*,!=3.1.*,!=3.2.*,!=3.3.*,!=3.4.*,>=2.7"

[package.dependencies]
zipp = ">=0.5"

[package.extras]
docs = ["sphinx", "rst.linker"]
testing = ["packaging", "pep517", "unittest2", "importlib-resources (>=1.3)"]

[[package]]
name = "iniconfig"
version = "1.1.1"
description = "iniconfig: brain-dead simple config-ini parsing"
category = "dev"
optional = false
python-versions = "*"

[[package]]
name = "isort"
version = "4.3.21"
description = "A Python utility / library to sort Python imports."
category = "dev"
optional = false
python-versions = ">=2.7, !=3.0.*, !=3.1.*, !=3.2.*, !=3.3.*"

[package.extras]
pipfile = ["pipreqs", "requirementslib"]
pyproject = ["toml"]
requirements = ["pipreqs", "pip-api"]
xdg_home = ["appdirs (>=1.4.0)"]

[[package]]
name = "lazy-object-proxy"
version = "1.4.3"
description = "A fast and thorough lazy object proxy."
category = "dev"
optional = false
python-versions = ">=2.7, !=3.0.*, !=3.1.*, !=3.2.*, !=3.3.*"

[[package]]
name = "maturin"
version = "0.9.4"
description = "Build and publish crates with pyo3, rust-cpython and cffi bindings as well as rust binaries as python packages"
category = "dev"
optional = false
python-versions = ">=3.5"

[package.dependencies]
toml = ">=0.10.0,<0.11.0"

[[package]]
name = "mccabe"
version = "0.6.1"
description = "McCabe checker, plugin for flake8"
category = "dev"
optional = false
python-versions = "*"

[[package]]
name = "orjson"
version = "2.0.11"
description = "Fast, correct Python JSON library"
category = "dev"
optional = false
python-versions = "*"

[[package]]
name = "packaging"
version = "20.8"
description = "Core utilities for Python packages"
category = "dev"
optional = false
python-versions = ">=2.7, !=3.0.*, !=3.1.*, !=3.2.*, !=3.3.*"

[package.dependencies]
pyparsing = ">=2.0.2"

[[package]]
name = "pathlib2"
version = "2.3.5"
description = "Object-oriented filesystem paths"
category = "dev"
optional = false
python-versions = "*"

[package.dependencies]
six = "*"

[[package]]
name = "pluggy"
version = "0.13.1"
description = "plugin and hook calling mechanisms for python"
category = "dev"
optional = false
python-versions = ">=2.7, !=3.0.*, !=3.1.*, !=3.2.*, !=3.3.*"

[package.dependencies]
importlib-metadata = {version = ">=0.12", markers = "python_version < \"3.8\""}

[package.extras]
dev = ["pre-commit", "tox"]

[[package]]
name = "py"
version = "1.10.0"
description = "library with cross-python path, ini-parsing, io, code, log facilities"
category = "dev"
optional = false
python-versions = ">=2.7, !=3.0.*, !=3.1.*, !=3.2.*, !=3.3.*"

[[package]]
name = "py-cpuinfo"
version = "7.0.0"
description = "Get CPU info with pure Python 2 & 3"
category = "dev"
optional = false
python-versions = "*"

[[package]]
name = "pycodestyle"
version = "2.6.0"
description = "Python style guide checker"
category = "dev"
optional = false
python-versions = ">=2.7, !=3.0.*, !=3.1.*, !=3.2.*, !=3.3.*"

[[package]]
name = "pyflakes"
version = "2.2.0"
description = "passive checker of Python programs"
category = "dev"
optional = false
python-versions = ">=2.7, !=3.0.*, !=3.1.*, !=3.2.*, !=3.3.*"

[[package]]
name = "pylint"
version = "2.6.2"
description = "python code static checker"
category = "dev"
optional = false
python-versions = ">=3.5.*"

[package.dependencies]
astroid = ">=2.4.0,<2.5"
colorama = {version = "*", markers = "sys_platform == \"win32\""}
isort = ">=4.2.5,<6"
mccabe = ">=0.6,<0.7"
toml = ">=0.7.1"

[[package]]
name = "pyparsing"
version = "2.4.7"
description = "Python parsing module"
category = "dev"
optional = false
python-versions = ">=2.6, !=3.0.*, !=3.1.*, !=3.2.*"

[[package]]
name = "pytest"
version = "6.1.2"
description = "pytest: simple powerful testing with Python"
category = "dev"
optional = false
python-versions = ">=3.5"

[package.dependencies]
atomicwrites = {version = ">=1.0", markers = "sys_platform == \"win32\""}
attrs = ">=17.4.0"
colorama = {version = "*", markers = "sys_platform == \"win32\""}
importlib-metadata = {version = ">=0.12", markers = "python_version < \"3.8\""}
iniconfig = "*"
packaging = "*"
pathlib2 = {version = ">=2.2.0", markers = "python_version < \"3.6\""}
pluggy = ">=0.12,<1.0"
py = ">=1.8.2"
toml = "*"

[package.extras]
checkqa_mypy = ["mypy (==0.780)"]
testing = ["argcomplete", "hypothesis (>=3.56)", "mock", "nose", "requests", "xmlschema"]

[[package]]
name = "pytest-benchmark"
version = "3.2.3"
description = "A ``pytest`` fixture for benchmarking code. It will group the tests into rounds that are calibrated to the chosen timer. See calibration_ and FAQ_."
category = "dev"
optional = false
python-versions = ">=2.7, !=3.0.*, !=3.1.*, !=3.2.*, !=3.3.*, !=3.4.*"

[package.dependencies]
py-cpuinfo = "*"
pytest = ">=3.8"

[package.extras]
aspect = ["aspectlib"]
elasticsearch = ["elasticsearch"]
histogram = ["pygal", "pygaljs"]

[[package]]
name = "pytest-runner"
version = "5.2"
description = "Invoke py.test as distutils command with dependency resolution"
category = "dev"
optional = false
python-versions = ">=2.7"

[package.extras]
docs = ["sphinx", "jaraco.packaging (>=3.2)", "rst.linker (>=1.9)"]
testing = ["pytest (>=3.5,!=3.7.3)", "pytest-checkdocs", "pytest-flake8", "pytest-black-multipy", "pytest-cov", "pytest-virtualenv"]

[[package]]
name = "python-rapidjson"
version = "0.9.4"
description = "Python wrapper around rapidjson"
category = "dev"
optional = false
python-versions = ">=3.4"

[[package]]
name = "simplejson"
version = "3.17.2"
description = "Simple, fast, extensible JSON encoder/decoder for Python"
category = "dev"
optional = false
python-versions = ">=2.5, !=3.0.*, !=3.1.*, !=3.2.*"

[[package]]
name = "six"
version = "1.15.0"
description = "Python 2 and 3 compatibility utilities"
category = "dev"
optional = false
python-versions = ">=2.7, !=3.0.*, !=3.1.*, !=3.2.*"

[[package]]
name = "sortedcontainers"
version = "2.3.0"
description = "Sorted Containers -- Sorted List, Sorted Dict, Sorted Set"
category = "dev"
optional = false
python-versions = "*"

[[package]]
name = "toml"
version = "0.10.2"
description = "Python Library for Tom's Obvious, Minimal Language"
category = "dev"
optional = false
python-versions = ">=2.6, !=3.0.*, !=3.1.*, !=3.2.*"

[[package]]
name = "typed-ast"
version = "1.4.1"
description = "a fork of Python 2 and 3 ast modules with type comment support"
category = "dev"
optional = false
python-versions = "*"

[[package]]
name = "ujson"
version = "3.2.0"
description = "Ultra fast JSON encoder and decoder for Python"
category = "dev"
optional = false
python-versions = ">=3.5"

[[package]]
name = "wrapt"
version = "1.12.1"
description = "Module for decorators, wrappers and monkey patching."
category = "dev"
optional = false
python-versions = "*"

[[package]]
name = "zipp"
version = "1.2.0"
description = "Backport of pathlib-compatible object wrapper for zip files"
category = "dev"
optional = false
python-versions = ">=2.7"

[package.extras]
docs = ["sphinx", "jaraco.packaging (>=3.2)", "rst.linker (>=1.9)"]
testing = ["pathlib2", "unittest2", "jaraco.itertools", "func-timeout"]

[metadata]
lock-version = "1.1"
python-versions = "^3.5"
content-hash = "a5ae5de9a9dbf27889a2baab861538f412a0cc69ebbb9b0a23b8a1748bd4c253"

[metadata.files]
astroid = [
    {file = "astroid-2.4.2-py3-none-any.whl", hash = "sha256:bc58d83eb610252fd8de6363e39d4f1d0619c894b0ed24603b881c02e64c7386"},
    {file = "astroid-2.4.2.tar.gz", hash = "sha256:2f4078c2a41bf377eea06d71c9d2ba4eb8f6b1af2135bec27bbbb7d8f12bb703"},
]
atomicwrites = [
    {file = "atomicwrites-1.4.0-py2.py3-none-any.whl", hash = "sha256:6d1784dea7c0c8d4a5172b6c620f40b6e4cbfdf96d783691f2e1302a7b88e197"},
    {file = "atomicwrites-1.4.0.tar.gz", hash = "sha256:ae70396ad1a434f9c7046fd2dd196fc04b12f9e91ffb859164193be8b6168a7a"},
]
attrs = [
    {file = "attrs-20.3.0-py2.py3-none-any.whl", hash = "sha256:31b2eced602aa8423c2aea9c76a724617ed67cf9513173fd3a4f03e3a929c7e6"},
    {file = "attrs-20.3.0.tar.gz", hash = "sha256:832aa3cde19744e49938b91fea06d69ecb9e649c93ba974535d08ad92164f700"},
]
autopep8 = [
    {file = "autopep8-1.5.5-py2.py3-none-any.whl", hash = "sha256:9e136c472c475f4ee4978b51a88a494bfcd4e3ed17950a44a988d9e434837bea"},
    {file = "autopep8-1.5.5.tar.gz", hash = "sha256:cae4bc0fb616408191af41d062d7ec7ef8679c7f27b068875ca3a9e2878d5443"},
]
colorama = [
    {file = "colorama-0.4.4-py2.py3-none-any.whl", hash = "sha256:9f47eda37229f68eee03b24b9748937c7dc3868f906e8ba69fbcbdd3bc5dc3e2"},
    {file = "colorama-0.4.4.tar.gz", hash = "sha256:5941b2b48a20143d2267e95b1c2a7603ce057ee39fd88e7329b0c292aa16869b"},
]
flake8 = [
    {file = "flake8-3.8.4-py2.py3-none-any.whl", hash = "sha256:749dbbd6bfd0cf1318af27bf97a14e28e5ff548ef8e5b1566ccfb25a11e7c839"},
    {file = "flake8-3.8.4.tar.gz", hash = "sha256:aadae8761ec651813c24be05c6f7b4680857ef6afaae4651a4eccaef97ce6c3b"},
]
hypothesis = [
    {file = "hypothesis-5.3.1-py3-none-any.whl", hash = "sha256:1b358250156fa63a5717f484da4d907343562ae375e454bc89562d8981ea1f77"},
    {file = "hypothesis-5.3.1.tar.gz", hash = "sha256:7e44bff356b32ee5e1ba939f9778d192d094227b5be179cc3efc0d706f211619"},
]
importlib-metadata = [
    {file = "importlib_metadata-2.1.1-py2.py3-none-any.whl", hash = "sha256:c2d6341ff566f609e89a2acb2db190e5e1d23d5409d6cc8d2fe34d72443876d4"},
    {file = "importlib_metadata-2.1.1.tar.gz", hash = "sha256:b8de9eff2b35fb037368f28a7df1df4e6436f578fa74423505b6c6a778d5b5dd"},
]
iniconfig = [
    {file = "iniconfig-1.1.1-py2.py3-none-any.whl", hash = "sha256:011e24c64b7f47f6ebd835bb12a743f2fbe9a26d4cecaa7f53bc4f35ee9da8b3"},
    {file = "iniconfig-1.1.1.tar.gz", hash = "sha256:bc3af051d7d14b2ee5ef9969666def0cd1a000e121eaea580d4a313df4b37f32"},
]
isort = [
    {file = "isort-4.3.21-py2.py3-none-any.whl", hash = "sha256:6e811fcb295968434526407adb8796944f1988c5b65e8139058f2014cbe100fd"},
    {file = "isort-4.3.21.tar.gz", hash = "sha256:54da7e92468955c4fceacd0c86bd0ec997b0e1ee80d97f67c35a78b719dccab1"},
]
lazy-object-proxy = [
    {file = "lazy-object-proxy-1.4.3.tar.gz", hash = "sha256:f3900e8a5de27447acbf900b4750b0ddfd7ec1ea7fbaf11dfa911141bc522af0"},
    {file = "lazy_object_proxy-1.4.3-cp27-cp27m-macosx_10_13_x86_64.whl", hash = "sha256:a2238e9d1bb71a56cd710611a1614d1194dc10a175c1e08d75e1a7bcc250d442"},
    {file = "lazy_object_proxy-1.4.3-cp27-cp27m-win32.whl", hash = "sha256:efa1909120ce98bbb3777e8b6f92237f5d5c8ea6758efea36a473e1d38f7d3e4"},
    {file = "lazy_object_proxy-1.4.3-cp27-cp27m-win_amd64.whl", hash = "sha256:4677f594e474c91da97f489fea5b7daa17b5517190899cf213697e48d3902f5a"},
    {file = "lazy_object_proxy-1.4.3-cp27-cp27mu-manylinux1_x86_64.whl", hash = "sha256:0c4b206227a8097f05c4dbdd323c50edf81f15db3b8dc064d08c62d37e1a504d"},
    {file = "lazy_object_proxy-1.4.3-cp34-cp34m-manylinux1_x86_64.whl", hash = "sha256:d945239a5639b3ff35b70a88c5f2f491913eb94871780ebfabb2568bd58afc5a"},
    {file = "lazy_object_proxy-1.4.3-cp34-cp34m-win32.whl", hash = "sha256:9651375199045a358eb6741df3e02a651e0330be090b3bc79f6d0de31a80ec3e"},
    {file = "lazy_object_proxy-1.4.3-cp34-cp34m-win_amd64.whl", hash = "sha256:eba7011090323c1dadf18b3b689845fd96a61ba0a1dfbd7f24b921398affc357"},
    {file = "lazy_object_proxy-1.4.3-cp35-cp35m-manylinux1_x86_64.whl", hash = "sha256:48dab84ebd4831077b150572aec802f303117c8cc5c871e182447281ebf3ac50"},
    {file = "lazy_object_proxy-1.4.3-cp35-cp35m-win32.whl", hash = "sha256:ca0a928a3ddbc5725be2dd1cf895ec0a254798915fb3a36af0964a0a4149e3db"},
    {file = "lazy_object_proxy-1.4.3-cp35-cp35m-win_amd64.whl", hash = "sha256:194d092e6f246b906e8f70884e620e459fc54db3259e60cf69a4d66c3fda3449"},
    {file = "lazy_object_proxy-1.4.3-cp36-cp36m-manylinux1_x86_64.whl", hash = "sha256:97bb5884f6f1cdce0099f86b907aa41c970c3c672ac8b9c8352789e103cf3156"},
    {file = "lazy_object_proxy-1.4.3-cp36-cp36m-win32.whl", hash = "sha256:cb2c7c57005a6804ab66f106ceb8482da55f5314b7fcb06551db1edae4ad1531"},
    {file = "lazy_object_proxy-1.4.3-cp36-cp36m-win_amd64.whl", hash = "sha256:8d859b89baf8ef7f8bc6b00aa20316483d67f0b1cbf422f5b4dc56701c8f2ffb"},
    {file = "lazy_object_proxy-1.4.3-cp37-cp37m-macosx_10_13_x86_64.whl", hash = "sha256:1be7e4c9f96948003609aa6c974ae59830a6baecc5376c25c92d7d697e684c08"},
    {file = "lazy_object_proxy-1.4.3-cp37-cp37m-manylinux1_x86_64.whl", hash = "sha256:d74bb8693bf9cf75ac3b47a54d716bbb1a92648d5f781fc799347cfc95952383"},
    {file = "lazy_object_proxy-1.4.3-cp37-cp37m-win32.whl", hash = "sha256:9b15f3f4c0f35727d3a0fba4b770b3c4ebbb1fa907dbcc046a1d2799f3edd142"},
    {file = "lazy_object_proxy-1.4.3-cp37-cp37m-win_amd64.whl", hash = "sha256:9254f4358b9b541e3441b007a0ea0764b9d056afdeafc1a5569eee1cc6c1b9ea"},
    {file = "lazy_object_proxy-1.4.3-cp38-cp38-manylinux1_x86_64.whl", hash = "sha256:a6ae12d08c0bf9909ce12385803a543bfe99b95fe01e752536a60af2b7797c62"},
    {file = "lazy_object_proxy-1.4.3-cp38-cp38-win32.whl", hash = "sha256:5541cada25cd173702dbd99f8e22434105456314462326f06dba3e180f203dfd"},
    {file = "lazy_object_proxy-1.4.3-cp38-cp38-win_amd64.whl", hash = "sha256:59f79fef100b09564bc2df42ea2d8d21a64fdcda64979c0fa3db7bdaabaf6239"},
]
maturin = [
    {file = "maturin-0.9.4-py3-none-manylinux2010_x86_64.whl", hash = "sha256:e52dfb6bc6f1c1062883fd785466e246d733f9c7eb90a3cd00ff2d4c659d23ca"},
    {file = "maturin-0.9.4-py3-none-manylinux2014_aarch64.whl", hash = "sha256:ea08990ba22b76da8f83e5cd1a75f0ec08c045fa0149901343eba1fccfc2a406"},
    {file = "maturin-0.9.4-py3-none-manylinux2014_armv7l.whl", hash = "sha256:213a69ed4976d078439d2bad148f41f82c919ab98fa85d3d54ebc3ba211a5895"},
    {file = "maturin-0.9.4-py3-none-win32.whl", hash = "sha256:981330c9c46c2e5c6a648ef54809f573fa9bc257151c119089ccf9d3fe9bfb82"},
    {file = "maturin-0.9.4-py3-none-win_amd64.whl", hash = "sha256:07ed1cc166bff8d66245c2112ae58869d3cb3ae47a057de06945ea0eb10337d6"},
    {file = "maturin-0.9.4.tar.gz", hash = "sha256:2e0b0c3eb233e7b776c004ee4b980907beaf2babbe21da05a60ac55c1dff46c3"},
]
mccabe = [
    {file = "mccabe-0.6.1-py2.py3-none-any.whl", hash = "sha256:ab8a6258860da4b6677da4bd2fe5dc2c659cff31b3ee4f7f5d64e79735b80d42"},
    {file = "mccabe-0.6.1.tar.gz", hash = "sha256:dd8d182285a0fe56bace7f45b5e7d1a6ebcbf524e8f3bd87eb0f125271b8831f"},
]
orjson = [
    {file = "orjson-2.0.11-cp35-cp35m-macosx_10_7_x86_64.whl", hash = "sha256:e9e953c17de50bfcc007215f34e236030055e488dbc98d2ad8bdfb940cb96784"},
    {file = "orjson-2.0.11-cp35-cp35m-manylinux1_x86_64.whl", hash = "sha256:491473776baa1bbb0a3bf0cfce0215bce7bde5db77b1e4d36f2f98a937f5eca6"},
    {file = "orjson-2.0.11-cp35-none-win_amd64.whl", hash = "sha256:8405dd3fa7058c4ddce4446cdff089f668225f6791efbe08c84790d0af480dc1"},
    {file = "orjson-2.0.11-cp36-cp36m-macosx_10_7_x86_64.whl", hash = "sha256:a03b74d9af0cac8f44140840a62586a7b8a08185c9b8d9676f6f0dd09d4cc134"},
    {file = "orjson-2.0.11-cp36-cp36m-manylinux1_x86_64.whl", hash = "sha256:1c98ef382cfe2a585944bf0ee855a9b9f2dbc63ae06ae37c4fbd13bf2c3868f9"},
    {file = "orjson-2.0.11-cp36-none-win_amd64.whl", hash = "sha256:90f837aa4c576ee809912887faaeaf16b3bec255075e5dbbaf62808b631f08d8"},
    {file = "orjson-2.0.11-cp37-cp37m-macosx_10_7_x86_64.whl", hash = "sha256:f47552505875604f0a402e450764c8cb980ce8be113b574ef678c0a07d54e83f"},
    {file = "orjson-2.0.11-cp37-cp37m-manylinux1_x86_64.whl", hash = "sha256:edf97eca7de7637fd428ce0491a5774b10822f6ae72fc5f2e20f8039f8ece3b5"},
    {file = "orjson-2.0.11-cp37-none-win_amd64.whl", hash = "sha256:f83902278b98c450f3aee5ab5d79dcedbeafb3213e37fcb67cc0a9ba1c874505"},
    {file = "orjson-2.0.11-cp38-cp38-manylinux1_x86_64.whl", hash = "sha256:828062a4d54c7aef0318ca57387a908603ea15e52254f27b8d3906fbc02153a2"},
    {file = "orjson-2.0.11.tar.gz", hash = "sha256:5762bc2f8c9b5bb5111e9411e34eb47736a67c6135269ff22fd22257d855cd23"},
]
packaging = [
    {file = "packaging-20.8-py2.py3-none-any.whl", hash = "sha256:24e0da08660a87484d1602c30bb4902d74816b6985b93de36926f5bc95741858"},
    {file = "packaging-20.8.tar.gz", hash = "sha256:78598185a7008a470d64526a8059de9aaa449238f280fc9eb6b13ba6c4109093"},
]
pathlib2 = [
    {file = "pathlib2-2.3.5-py2.py3-none-any.whl", hash = "sha256:0ec8205a157c80d7acc301c0b18fbd5d44fe655968f5d947b6ecef5290fc35db"},
    {file = "pathlib2-2.3.5.tar.gz", hash = "sha256:6cd9a47b597b37cc57de1c05e56fb1a1c9cc9fab04fe78c29acd090418529868"},
]
pluggy = [
    {file = "pluggy-0.13.1-py2.py3-none-any.whl", hash = "sha256:966c145cd83c96502c3c3868f50408687b38434af77734af1e9ca461a4081d2d"},
    {file = "pluggy-0.13.1.tar.gz", hash = "sha256:15b2acde666561e1298d71b523007ed7364de07029219b604cf808bfa1c765b0"},
]
py = [
    {file = "py-1.10.0-py2.py3-none-any.whl", hash = "sha256:3b80836aa6d1feeaa108e046da6423ab8f6ceda6468545ae8d02d9d58d18818a"},
    {file = "py-1.10.0.tar.gz", hash = "sha256:21b81bda15b66ef5e1a777a21c4dcd9c20ad3efd0b3f817e7a809035269e1bd3"},
]
py-cpuinfo = [
    {file = "py-cpuinfo-7.0.0.tar.gz", hash = "sha256:9aa2e49675114959697d25cf57fec41c29b55887bff3bc4809b44ac6f5730097"},
]
pycodestyle = [
    {file = "pycodestyle-2.6.0-py2.py3-none-any.whl", hash = "sha256:2295e7b2f6b5bd100585ebcb1f616591b652db8a741695b3d8f5d28bdc934367"},
    {file = "pycodestyle-2.6.0.tar.gz", hash = "sha256:c58a7d2815e0e8d7972bf1803331fb0152f867bd89adf8a01dfd55085434192e"},
]
pyflakes = [
    {file = "pyflakes-2.2.0-py2.py3-none-any.whl", hash = "sha256:0d94e0e05a19e57a99444b6ddcf9a6eb2e5c68d3ca1e98e90707af8152c90a92"},
    {file = "pyflakes-2.2.0.tar.gz", hash = "sha256:35b2d75ee967ea93b55750aa9edbbf72813e06a66ba54438df2cfac9e3c27fc8"},
]
pylint = [
    {file = "pylint-2.6.2-py3-none-any.whl", hash = "sha256:e71c2e9614a4f06e36498f310027942b0f4f2fde20aebb01655b31edc63b9eaf"},
    {file = "pylint-2.6.2.tar.gz", hash = "sha256:718b74786ea7ed07aa0c58bf572154d4679f960d26e9641cc1de204a30b87fc9"},
]
pyparsing = [
    {file = "pyparsing-2.4.7-py2.py3-none-any.whl", hash = "sha256:ef9d7589ef3c200abe66653d3f1ab1033c3c419ae9b9bdb1240a85b024efc88b"},
    {file = "pyparsing-2.4.7.tar.gz", hash = "sha256:c203ec8783bf771a155b207279b9bccb8dea02d8f0c9e5f8ead507bc3246ecc1"},
]
pytest = [
    {file = "pytest-6.1.2-py3-none-any.whl", hash = "sha256:4288fed0d9153d9646bfcdf0c0428197dba1ecb27a33bb6e031d002fa88653fe"},
    {file = "pytest-6.1.2.tar.gz", hash = "sha256:c0a7e94a8cdbc5422a51ccdad8e6f1024795939cc89159a0ae7f0b316ad3823e"},
]
pytest-benchmark = [
    {file = "pytest-benchmark-3.2.3.tar.gz", hash = "sha256:ad4314d093a3089701b24c80a05121994c7765ce373478c8f4ba8d23c9ba9528"},
    {file = "pytest_benchmark-3.2.3-py2.py3-none-any.whl", hash = "sha256:01f79d38d506f5a3a0a9ada22ded714537bbdfc8147a881a35c1655db07289d9"},
]
pytest-runner = [
    {file = "pytest-runner-5.2.tar.gz", hash = "sha256:96c7e73ead7b93e388c5d614770d2bae6526efd997757d3543fe17b557a0942b"},
    {file = "pytest_runner-5.2-py2.py3-none-any.whl", hash = "sha256:5534b08b133ef9a5e2c22c7886a8f8508c95bb0b0bdc6cc13214f269c3c70d51"},
]
python-rapidjson = [
    {file = "python-rapidjson-0.9.4.tar.gz", hash = "sha256:d79a412d7df30f01d3cb12e0e8863a48cfecd2fd7612719e16bc76eb1b65b332"},
    {file = "python_rapidjson-0.9.4-cp36-cp36m-macosx_10_9_x86_64.whl", hash = "sha256:38969854e7cc40372f8306c8fc5c63e2f421c796fb5dd557b3a55bf200a4d998"},
    {file = "python_rapidjson-0.9.4-cp36-cp36m-manylinux1_i686.whl", hash = "sha256:6c8f8336b50f925ec37a9c67b2b041a64be02a1e28a7465d6dbd38faf76f06a2"},
    {file = "python_rapidjson-0.9.4-cp36-cp36m-manylinux1_x86_64.whl", hash = "sha256:d0f2c1866f9b925e2a692075fc69372ad158062faca395116ce7f74af92e7717"},
    {file = "python_rapidjson-0.9.4-cp36-cp36m-manylinux2010_i686.whl", hash = "sha256:2e4efb9fbd993c1dd1302b7306ff72e67e9da884391958e7cc9a29006abc50a0"},
    {file = "python_rapidjson-0.9.4-cp36-cp36m-manylinux2010_x86_64.whl", hash = "sha256:1fc1ebd39c67e6ef41f8b4d8a000b7b89af37bde68c3ad0f6b7484675fcb3399"},
    {file = "python_rapidjson-0.9.4-cp36-cp36m-win32.whl", hash = "sha256:1cda761eb0c77f602c5add2bb5ee01ac733411b2555f2e349ab55c5050a2cc2f"},
    {file = "python_rapidjson-0.9.4-cp36-cp36m-win_amd64.whl", hash = "sha256:f178e6339f999bfa18767f126829240bb37d807d23d464fb825328881897bd30"},
    {file = "python_rapidjson-0.9.4-cp37-cp37m-macosx_10_9_x86_64.whl", hash = "sha256:ee2bc51caefea14d18f7924e0ed044f944d5cb6d8b6df4e0859b3184cf951db2"},
    {file = "python_rapidjson-0.9.4-cp37-cp37m-manylinux1_i686.whl", hash = "sha256:0bd403f317eb1a809a1fe6f3a16a7260576a34b2c9f63bcaed0a88e42ec6b461"},
    {file = "python_rapidjson-0.9.4-cp37-cp37m-manylinux1_x86_64.whl", hash = "sha256:281e984baf634b834ee42eeeb964e30bfbd75bdc19dba92a4203b362f31304a2"},
    {file = "python_rapidjson-0.9.4-cp37-cp37m-manylinux2010_i686.whl", hash = "sha256:851c7673caf2a632605005b111181ca7e8b8fc81cd194679bd1a168b3c0d9939"},
    {file = "python_rapidjson-0.9.4-cp37-cp37m-manylinux2010_x86_64.whl", hash = "sha256:0c21cbec503630d96111b9cff34a52535f1fb862833e05fb67361af0330aa912"},
    {file = "python_rapidjson-0.9.4-cp37-cp37m-win32.whl", hash = "sha256:bab0ce54fd77ae91ae039df80e81ccf4a0e609e403cff10f671aa1764c78c394"},
    {file = "python_rapidjson-0.9.4-cp37-cp37m-win_amd64.whl", hash = "sha256:ed95201266e238f0511e346e4c3e491daeef5a86af87d64de59d9ef0e9e6a038"},
    {file = "python_rapidjson-0.9.4-cp38-cp38-macosx_10_9_x86_64.whl", hash = "sha256:c5153c1215a5403f430ad4b8e93508db5c147cd0fa24ecb1531a47f181ff3335"},
    {file = "python_rapidjson-0.9.4-cp38-cp38-manylinux1_i686.whl", hash = "sha256:00d1bf4b1c1d35bb5cca3b2ff94ee6dd16c21c9b5b796c8ee409cde194d5afad"},
    {file = "python_rapidjson-0.9.4-cp38-cp38-manylinux1_x86_64.whl", hash = "sha256:6e3c87ec75f22cef734d9da74373a6f89f6f16403889c4bdefd1a44bb17ddd86"},
    {file = "python_rapidjson-0.9.4-cp38-cp38-manylinux2010_i686.whl", hash = "sha256:b1f30cab124fe77935897bb5f86c38bc5cbd2e262f3e4683377e05ebd40a28f5"},
    {file = "python_rapidjson-0.9.4-cp38-cp38-manylinux2010_x86_64.whl", hash = "sha256:c3cd4c7bbdaab1642bfeb96f60815d712396af6a0deb4d9207a04d07937fcf21"},
    {file = "python_rapidjson-0.9.4-cp38-cp38-win32.whl", hash = "sha256:71645fae033b3094849461b4597fc018d493a0b9c6234ba865c9a01b9c39af35"},
    {file = "python_rapidjson-0.9.4-cp38-cp38-win_amd64.whl", hash = "sha256:499275148ccf11a58b343c0234183d3a5ac74b73ecd54aaaf013ad314db272d6"},
    {file = "python_rapidjson-0.9.4-cp39-cp39-macosx_10_9_x86_64.whl", hash = "sha256:74adbae2c0aa87bd9038fe8a74686a8803226040ebef773f89cb1153e482c3a8"},
    {file = "python_rapidjson-0.9.4-cp39-cp39-manylinux1_i686.whl", hash = "sha256:fc663ff0e4c9bb39aa97d364a07248bc6c2f96abe54b62f295210019640d4da6"},
    {file = "python_rapidjson-0.9.4-cp39-cp39-manylinux1_x86_64.whl", hash = "sha256:63afc14f3429f269c75d7a660d39e7267c16e85014012179443c1cdbbf281c1b"},
    {file = "python_rapidjson-0.9.4-cp39-cp39-manylinux2010_i686.whl", hash = "sha256:cc0ecafb0712ba8c41687874ccab5de3814b09ea45061eb1a0260a54b645ca2d"},
    {file = "python_rapidjson-0.9.4-cp39-cp39-manylinux2010_x86_64.whl", hash = "sha256:d472916bfa1bbc38a69e82b89d40fd64b3167ae8fd9c993992eb61871bffcc76"},
    {file = "python_rapidjson-0.9.4-cp39-cp39-win32.whl", hash = "sha256:179a25ac6d4636f45ee4e416eb03261f625d2835d46e389035bbaa04f4e20155"},
    {file = "python_rapidjson-0.9.4-cp39-cp39-win_amd64.whl", hash = "sha256:41ee8f1197cb056b1c74a6c7c557a07c8a92ab36f5e5dd88bb4dcedcec801ab9"},
]
simplejson = [
    {file = "simplejson-3.17.2-cp27-cp27m-macosx_10_13_x86_64.whl", hash = "sha256:2d3eab2c3fe52007d703a26f71cf649a8c771fcdd949a3ae73041ba6797cfcf8"},
    {file = "simplejson-3.17.2-cp27-cp27m-manylinux1_i686.whl", hash = "sha256:813846738277729d7db71b82176204abc7fdae2f566e2d9fcf874f9b6472e3e6"},
    {file = "simplejson-3.17.2-cp27-cp27m-manylinux1_x86_64.whl", hash = "sha256:292c2e3f53be314cc59853bd20a35bf1f965f3bc121e007ab6fd526ed412a85d"},
    {file = "simplejson-3.17.2-cp27-cp27m-manylinux2010_i686.whl", hash = "sha256:0dd9d9c738cb008bfc0862c9b8fa6743495c03a0ed543884bf92fb7d30f8d043"},
    {file = "simplejson-3.17.2-cp27-cp27m-manylinux2010_x86_64.whl", hash = "sha256:42b8b8dd0799f78e067e2aaae97e60d58a8f63582939af60abce4c48631a0aa4"},
    {file = "simplejson-3.17.2-cp27-cp27m-win32.whl", hash = "sha256:8042040af86a494a23c189b5aa0ea9433769cc029707833f261a79c98e3375f9"},
    {file = "simplejson-3.17.2-cp27-cp27m-win_amd64.whl", hash = "sha256:034550078a11664d77bc1a8364c90bb7eef0e44c2dbb1fd0a4d92e3997088667"},
    {file = "simplejson-3.17.2-cp27-cp27mu-manylinux1_i686.whl", hash = "sha256:fed0f22bf1313ff79c7fc318f7199d6c2f96d4de3234b2f12a1eab350e597c06"},
    {file = "simplejson-3.17.2-cp27-cp27mu-manylinux1_x86_64.whl", hash = "sha256:2e7b57c2c146f8e4dadf84977a83f7ee50da17c8861fd7faf694d55e3274784f"},
    {file = "simplejson-3.17.2-cp27-cp27mu-manylinux2010_i686.whl", hash = "sha256:da3c55cdc66cfc3fffb607db49a42448785ea2732f055ac1549b69dcb392663b"},
    {file = "simplejson-3.17.2-cp27-cp27mu-manylinux2010_x86_64.whl", hash = "sha256:c1cb29b1fced01f97e6d5631c3edc2dadb424d1f4421dad079cb13fc97acb42f"},
    {file = "simplejson-3.17.2-cp33-cp33m-win32.whl", hash = "sha256:8f713ea65958ef40049b6c45c40c206ab363db9591ff5a49d89b448933fa5746"},
    {file = "simplejson-3.17.2-cp33-cp33m-win_amd64.whl", hash = "sha256:344e2d920a7f27b4023c087ab539877a1e39ce8e3e90b867e0bfa97829824748"},
    {file = "simplejson-3.17.2-cp34-cp34m-win32.whl", hash = "sha256:05b43d568300c1cd43f95ff4bfcff984bc658aa001be91efb3bb21df9d6288d3"},
    {file = "simplejson-3.17.2-cp34-cp34m-win_amd64.whl", hash = "sha256:cff6453e25204d3369c47b97dd34783ca820611bd334779d22192da23784194b"},
    {file = "simplejson-3.17.2-cp35-cp35m-manylinux1_i686.whl", hash = "sha256:8acf76443cfb5c949b6e781c154278c059b09ac717d2757a830c869ba000cf8d"},
    {file = "simplejson-3.17.2-cp35-cp35m-manylinux1_x86_64.whl", hash = "sha256:869a183c8e44bc03be1b2bbcc9ec4338e37fa8557fc506bf6115887c1d3bb956"},
    {file = "simplejson-3.17.2-cp35-cp35m-manylinux2010_i686.whl", hash = "sha256:5c659a0efc80aaaba57fcd878855c8534ecb655a28ac8508885c50648e6e659d"},
    {file = "simplejson-3.17.2-cp35-cp35m-manylinux2010_x86_64.whl", hash = "sha256:72d8a3ffca19a901002d6b068cf746be85747571c6a7ba12cbcf427bfb4ed971"},
    {file = "simplejson-3.17.2-cp35-cp35m-manylinux2014_aarch64.whl", hash = "sha256:4b3442249d5e3893b90cb9f72c7d6ce4d2ea144d2c0d9f75b9ae1e5460f3121a"},
    {file = "simplejson-3.17.2-cp35-cp35m-win32.whl", hash = "sha256:e058c7656c44fb494a11443191e381355388443d543f6fc1a245d5d238544396"},
    {file = "simplejson-3.17.2-cp35-cp35m-win_amd64.whl", hash = "sha256:934115642c8ba9659b402c8bdbdedb48651fb94b576e3b3efd1ccb079609b04a"},
    {file = "simplejson-3.17.2-cp36-cp36m-macosx_10_13_x86_64.whl", hash = "sha256:ffd4e4877a78c84d693e491b223385e0271278f5f4e1476a4962dca6824ecfeb"},
    {file = "simplejson-3.17.2-cp36-cp36m-manylinux1_i686.whl", hash = "sha256:10fc250c3edea4abc15d930d77274ddb8df4803453dde7ad50c2f5565a18a4bb"},
    {file = "simplejson-3.17.2-cp36-cp36m-manylinux1_x86_64.whl", hash = "sha256:76ac9605bf2f6d9b56abf6f9da9047a8782574ad3531c82eae774947ae99cc3f"},
    {file = "simplejson-3.17.2-cp36-cp36m-manylinux2010_i686.whl", hash = "sha256:7f10f8ba9c1b1430addc7dd385fc322e221559d3ae49b812aebf57470ce8de45"},
    {file = "simplejson-3.17.2-cp36-cp36m-manylinux2010_x86_64.whl", hash = "sha256:bc00d1210567a4cdd215ac6e17dc00cb9893ee521cee701adfd0fa43f7c73139"},
    {file = "simplejson-3.17.2-cp36-cp36m-manylinux2014_aarch64.whl", hash = "sha256:af4868da7dd53296cd7630687161d53a7ebe2e63814234631445697bd7c29f46"},
    {file = "simplejson-3.17.2-cp36-cp36m-win32.whl", hash = "sha256:7d276f69bfc8c7ba6c717ba8deaf28f9d3c8450ff0aa8713f5a3280e232be16b"},
    {file = "simplejson-3.17.2-cp36-cp36m-win_amd64.whl", hash = "sha256:a55c76254d7cf8d4494bc508e7abb993a82a192d0db4552421e5139235604625"},
    {file = "simplejson-3.17.2-cp37-cp37m-macosx_10_14_x86_64.whl", hash = "sha256:9a2b7543559f8a1c9ed72724b549d8cc3515da7daf3e79813a15bdc4a769de25"},
    {file = "simplejson-3.17.2-cp37-cp37m-manylinux1_i686.whl", hash = "sha256:311f5dc2af07361725033b13cc3d0351de3da8bede3397d45650784c3f21fbcf"},
    {file = "simplejson-3.17.2-cp37-cp37m-manylinux1_x86_64.whl", hash = "sha256:2862beabfb9097a745a961426fe7daf66e1714151da8bb9a0c430dde3d59c7c0"},
    {file = "simplejson-3.17.2-cp37-cp37m-manylinux2010_i686.whl", hash = "sha256:afebfc3dd3520d37056f641969ce320b071bc7a0800639c71877b90d053e087f"},
    {file = "simplejson-3.17.2-cp37-cp37m-manylinux2010_x86_64.whl", hash = "sha256:d4813b30cb62d3b63ccc60dd12f2121780c7a3068db692daeb90f989877aaf04"},
    {file = "simplejson-3.17.2-cp37-cp37m-manylinux2014_aarch64.whl", hash = "sha256:3fabde09af43e0cbdee407555383063f8b45bfb52c361bc5da83fcffdb4fd278"},
    {file = "simplejson-3.17.2-cp37-cp37m-win32.whl", hash = "sha256:ceaa28a5bce8a46a130cd223e895080e258a88d51bf6e8de2fc54a6ef7e38c34"},
    {file = "simplejson-3.17.2-cp37-cp37m-win_amd64.whl", hash = "sha256:9551f23e09300a9a528f7af20e35c9f79686d46d646152a0c8fc41d2d074d9b0"},
    {file = "simplejson-3.17.2-cp38-cp38-macosx_10_14_x86_64.whl", hash = "sha256:c94dc64b1a389a416fc4218cd4799aa3756f25940cae33530a4f7f2f54f166da"},
    {file = "simplejson-3.17.2-cp38-cp38-manylinux1_i686.whl", hash = "sha256:b59aa298137ca74a744c1e6e22cfc0bf9dca3a2f41f51bc92eb05695155d905a"},
    {file = "simplejson-3.17.2-cp38-cp38-manylinux1_x86_64.whl", hash = "sha256:ad8f41c2357b73bc9e8606d2fa226233bf4d55d85a8982ecdfd55823a6959995"},
    {file = "simplejson-3.17.2-cp38-cp38-manylinux2010_i686.whl", hash = "sha256:845a14f6deb124a3bcb98a62def067a67462a000e0508f256f9c18eff5847efc"},
    {file = "simplejson-3.17.2-cp38-cp38-manylinux2010_x86_64.whl", hash = "sha256:d0b64409df09edb4c365d95004775c988259efe9be39697d7315c42b7a5e7e94"},
    {file = "simplejson-3.17.2-cp38-cp38-manylinux2014_aarch64.whl", hash = "sha256:55d65f9cc1b733d85ef95ab11f559cce55c7649a2160da2ac7a078534da676c8"},
    {file = "simplejson-3.17.2.tar.gz", hash = "sha256:75ecc79f26d99222a084fbdd1ce5aad3ac3a8bd535cd9059528452da38b68841"},
]
six = [
    {file = "six-1.15.0-py2.py3-none-any.whl", hash = "sha256:8b74bedcbbbaca38ff6d7491d76f2b06b3592611af620f8426e82dddb04a5ced"},
    {file = "six-1.15.0.tar.gz", hash = "sha256:30639c035cdb23534cd4aa2dd52c3bf48f06e5f4a941509c8bafd8ce11080259"},
]
sortedcontainers = [
    {file = "sortedcontainers-2.3.0-py2.py3-none-any.whl", hash = "sha256:37257a32add0a3ee490bb170b599e93095eed89a55da91fa9f48753ea12fd73f"},
    {file = "sortedcontainers-2.3.0.tar.gz", hash = "sha256:59cc937650cf60d677c16775597c89a960658a09cf7c1a668f86e1e4464b10a1"},
]
toml = [
    {file = "toml-0.10.2-py2.py3-none-any.whl", hash = "sha256:806143ae5bfb6a3c6e736a764057db0e6a0e05e338b5630894a5f779cabb4f9b"},
    {file = "toml-0.10.2.tar.gz", hash = "sha256:b3bda1d108d5dd99f4a20d24d9c348e91c4db7ab1b749200bded2f839ccbe68f"},
]
typed-ast = [
    {file = "typed_ast-1.4.1-cp35-cp35m-manylinux1_i686.whl", hash = "sha256:73d785a950fc82dd2a25897d525d003f6378d1cb23ab305578394694202a58c3"},
    {file = "typed_ast-1.4.1-cp35-cp35m-manylinux1_x86_64.whl", hash = "sha256:aaee9905aee35ba5905cfb3c62f3e83b3bec7b39413f0a7f19be4e547ea01ebb"},
    {file = "typed_ast-1.4.1-cp35-cp35m-win32.whl", hash = "sha256:0c2c07682d61a629b68433afb159376e24e5b2fd4641d35424e462169c0a7919"},
    {file = "typed_ast-1.4.1-cp35-cp35m-win_amd64.whl", hash = "sha256:4083861b0aa07990b619bd7ddc365eb7fa4b817e99cf5f8d9cf21a42780f6e01"},
    {file = "typed_ast-1.4.1-cp36-cp36m-macosx_10_9_x86_64.whl", hash = "sha256:269151951236b0f9a6f04015a9004084a5ab0d5f19b57de779f908621e7d8b75"},
    {file = "typed_ast-1.4.1-cp36-cp36m-manylinux1_i686.whl", hash = "sha256:24995c843eb0ad11a4527b026b4dde3da70e1f2d8806c99b7b4a7cf491612652"},
    {file = "typed_ast-1.4.1-cp36-cp36m-manylinux1_x86_64.whl", hash = "sha256:fe460b922ec15dd205595c9b5b99e2f056fd98ae8f9f56b888e7a17dc2b757e7"},
    {file = "typed_ast-1.4.1-cp36-cp36m-manylinux2014_aarch64.whl", hash = "sha256:fcf135e17cc74dbfbc05894ebca928ffeb23d9790b3167a674921db19082401f"},
    {file = "typed_ast-1.4.1-cp36-cp36m-win32.whl", hash = "sha256:4e3e5da80ccbebfff202a67bf900d081906c358ccc3d5e3c8aea42fdfdfd51c1"},
    {file = "typed_ast-1.4.1-cp36-cp36m-win_amd64.whl", hash = "sha256:249862707802d40f7f29f6e1aad8d84b5aa9e44552d2cc17384b209f091276aa"},
    {file = "typed_ast-1.4.1-cp37-cp37m-macosx_10_9_x86_64.whl", hash = "sha256:8ce678dbaf790dbdb3eba24056d5364fb45944f33553dd5869b7580cdbb83614"},
    {file = "typed_ast-1.4.1-cp37-cp37m-manylinux1_i686.whl", hash = "sha256:c9e348e02e4d2b4a8b2eedb48210430658df6951fa484e59de33ff773fbd4b41"},
    {file = "typed_ast-1.4.1-cp37-cp37m-manylinux1_x86_64.whl", hash = "sha256:bcd3b13b56ea479b3650b82cabd6b5343a625b0ced5429e4ccad28a8973f301b"},
    {file = "typed_ast-1.4.1-cp37-cp37m-manylinux2014_aarch64.whl", hash = "sha256:f208eb7aff048f6bea9586e61af041ddf7f9ade7caed625742af423f6bae3298"},
    {file = "typed_ast-1.4.1-cp37-cp37m-win32.whl", hash = "sha256:d5d33e9e7af3b34a40dc05f498939f0ebf187f07c385fd58d591c533ad8562fe"},
    {file = "typed_ast-1.4.1-cp37-cp37m-win_amd64.whl", hash = "sha256:0666aa36131496aed8f7be0410ff974562ab7eeac11ef351def9ea6fa28f6355"},
    {file = "typed_ast-1.4.1-cp38-cp38-macosx_10_15_x86_64.whl", hash = "sha256:d205b1b46085271b4e15f670058ce182bd1199e56b317bf2ec004b6a44f911f6"},
    {file = "typed_ast-1.4.1-cp38-cp38-manylinux1_i686.whl", hash = "sha256:6daac9731f172c2a22ade6ed0c00197ee7cc1221aa84cfdf9c31defeb059a907"},
    {file = "typed_ast-1.4.1-cp38-cp38-manylinux1_x86_64.whl", hash = "sha256:498b0f36cc7054c1fead3d7fc59d2150f4d5c6c56ba7fb150c013fbc683a8d2d"},
    {file = "typed_ast-1.4.1-cp38-cp38-manylinux2014_aarch64.whl", hash = "sha256:7e4c9d7658aaa1fc80018593abdf8598bf91325af6af5cce4ce7c73bc45ea53d"},
    {file = "typed_ast-1.4.1-cp38-cp38-win32.whl", hash = "sha256:715ff2f2df46121071622063fc7543d9b1fd19ebfc4f5c8895af64a77a8c852c"},
    {file = "typed_ast-1.4.1-cp38-cp38-win_amd64.whl", hash = "sha256:fc0fea399acb12edbf8a628ba8d2312f583bdbdb3335635db062fa98cf71fca4"},
    {file = "typed_ast-1.4.1-cp39-cp39-macosx_10_15_x86_64.whl", hash = "sha256:d43943ef777f9a1c42bf4e552ba23ac77a6351de620aa9acf64ad54933ad4d34"},
    {file = "typed_ast-1.4.1-cp39-cp39-macosx_10_9_x86_64.whl", hash = "sha256:92c325624e304ebf0e025d1224b77dd4e6393f18aab8d829b5b7e04afe9b7a2c"},
    {file = "typed_ast-1.4.1-cp39-cp39-manylinux1_i686.whl", hash = "sha256:d648b8e3bf2fe648745c8ffcee3db3ff903d0817a01a12dd6a6ea7a8f4889072"},
    {file = "typed_ast-1.4.1-cp39-cp39-manylinux1_x86_64.whl", hash = "sha256:fac11badff8313e23717f3dada86a15389d0708275bddf766cca67a84ead3e91"},
    {file = "typed_ast-1.4.1-cp39-cp39-manylinux2014_aarch64.whl", hash = "sha256:0d8110d78a5736e16e26213114a38ca35cb15b6515d535413b090bd50951556d"},
    {file = "typed_ast-1.4.1-cp39-cp39-win32.whl", hash = "sha256:b52ccf7cfe4ce2a1064b18594381bccf4179c2ecf7f513134ec2f993dd4ab395"},
    {file = "typed_ast-1.4.1-cp39-cp39-win_amd64.whl", hash = "sha256:3742b32cf1c6ef124d57f95be609c473d7ec4c14d0090e5a5e05a15269fb4d0c"},
    {file = "typed_ast-1.4.1.tar.gz", hash = "sha256:8c8aaad94455178e3187ab22c8b01a3837f8ee50e09cf31f1ba129eb293ec30b"},
]
ujson = [
    {file = "ujson-3.2.0-cp35-cp35m-macosx_10_14_x86_64.whl", hash = "sha256:437e051a3e292ddbd5b4682f9b6c3e2ea4cd059d0d75bc9f8314349d63cbb015"},
    {file = "ujson-3.2.0-cp35-cp35m-manylinux1_i686.whl", hash = "sha256:a27ea44406100a97fb0fcc0b18dcdaf324824e722a00856a2992fafc65779351"},
    {file = "ujson-3.2.0-cp35-cp35m-manylinux1_x86_64.whl", hash = "sha256:6f7c24dabb0ff0ff43744d18211af6035ef37197f530c13edf704e627da7251d"},
    {file = "ujson-3.2.0-cp35-cp35m-manylinux2014_aarch64.whl", hash = "sha256:5ae6f599ef7c01ef626697f9e15e9d4e2a186ab4c0593ddb529b86866b562efb"},
    {file = "ujson-3.2.0-cp35-cp35m-win_amd64.whl", hash = "sha256:59048958793e0b0489449a414e2fbe54644457be1dd882b99a4fe16158632af1"},
    {file = "ujson-3.2.0-cp36-cp36m-macosx_10_14_x86_64.whl", hash = "sha256:a476525862a394018a7a3438c86596815b84518b2744184444fc6f8b0e3e4aee"},
    {file = "ujson-3.2.0-cp36-cp36m-manylinux1_i686.whl", hash = "sha256:2050c7f1ce72055f1b6fba29e4694ccf4509917d3be3ed6f3543ef3ff00eec4a"},
    {file = "ujson-3.2.0-cp36-cp36m-manylinux1_x86_64.whl", hash = "sha256:fda324ca055e671eae46e8fc32b46fab20eb251d3e6e22beb67f71f1d240b0b4"},
    {file = "ujson-3.2.0-cp36-cp36m-manylinux2014_aarch64.whl", hash = "sha256:0bdc62a1543d697e9c649ac0ac41e0d076a7b886d6b45f9f21971e25b90a2b27"},
    {file = "ujson-3.2.0-cp36-cp36m-win_amd64.whl", hash = "sha256:d0ad63fc88d4e4cb7630f59aacd742256804a4cee447e9589e55957107a469b7"},
    {file = "ujson-3.2.0-cp37-cp37m-macosx_10_14_x86_64.whl", hash = "sha256:66d47eabb4f0e12b5784b1a49c59bc6f32e91e18e02f2a43c5e91e2f6ad9cc60"},
    {file = "ujson-3.2.0-cp37-cp37m-manylinux1_i686.whl", hash = "sha256:253edfe274538bb1060ab8877d51fc75e416047d5fab5340454a48b971f30612"},
    {file = "ujson-3.2.0-cp37-cp37m-manylinux1_x86_64.whl", hash = "sha256:6ee651c0210a67e3a72367de53ccac83b623913214e7c75015caadfad2b7e0dc"},
    {file = "ujson-3.2.0-cp37-cp37m-manylinux2014_aarch64.whl", hash = "sha256:0784f35f2ace41ed55c435ee11f9d9877cf3e6ff03c8850f87504cb93e9a9469"},
    {file = "ujson-3.2.0-cp37-cp37m-win_amd64.whl", hash = "sha256:812748c8de041f1ef5e9b37f33121c0c7390055fa5f12215b3d06a63b1c055a2"},
    {file = "ujson-3.2.0-cp38-cp38-macosx_10_14_x86_64.whl", hash = "sha256:17460d88dd4b9630e449e5d29b97301e6dbbbedbf46a6f95f3b2cb7e1333e6ea"},
    {file = "ujson-3.2.0-cp38-cp38-manylinux1_i686.whl", hash = "sha256:2d50cb3d87d4aabe6dbeb6ef79025bf9fdf350c4355c24819dc5c5cc38bad3dc"},
    {file = "ujson-3.2.0-cp38-cp38-manylinux1_x86_64.whl", hash = "sha256:7060105de892cada2f01bd072d33b2421b4eefd32536207c1c9f2ade18656139"},
    {file = "ujson-3.2.0-cp38-cp38-manylinux2014_aarch64.whl", hash = "sha256:7b6496b3e2bc396628f114fd96ec41655b10c84adececc0ef8cf1c2329dae36c"},
    {file = "ujson-3.2.0-cp38-cp38-win_amd64.whl", hash = "sha256:782bdf016da793a3bf138e50ed973428e59006b8d73a9e1911bc6207c6b79fff"},
    {file = "ujson-3.2.0.tar.gz", hash = "sha256:abb1996ba1c1d2faf5b1e38efa97da7f64e5373a31f705b96fe0587f5f778db4"},
]
wrapt = [
    {file = "wrapt-1.12.1.tar.gz", hash = "sha256:b62ffa81fb85f4332a4f609cab4ac40709470da05643a082ec1eb88e6d9b97d7"},
]
zipp = [
    {file = "zipp-1.2.0-py2.py3-none-any.whl", hash = "sha256:e0d9e63797e483a30d27e09fffd308c59a700d365ec34e93cc100844168bf921"},
    {file = "zipp-1.2.0.tar.gz", hash = "sha256:c70410551488251b0fee67b460fb9a536af8d6f9f008ad10ac51f615b6a521b1"},
]
